// !$*UTF8*$!
{
	archiveVersion = 1;
	classes = {
	};
	objectVersion = 50;
	objects = {

/* Begin PBXBuildFile section */
		98529B0621951289000AD6D4 /* AppDelegate.swift in Sources */ = {isa = PBXBuildFile; fileRef = 98529B0521951289000AD6D4 /* AppDelegate.swift */; };
		98529B0821951289000AD6D4 /* ViewController.swift in Sources */ = {isa = PBXBuildFile; fileRef = 98529B0721951289000AD6D4 /* ViewController.swift */; };
		98529B0B21951289000AD6D4 /* Main.storyboard in Resources */ = {isa = PBXBuildFile; fileRef = 98529B0921951289000AD6D4 /* Main.storyboard */; };
		98529B0D2195128B000AD6D4 /* Assets.xcassets in Resources */ = {isa = PBXBuildFile; fileRef = 98529B0C2195128B000AD6D4 /* Assets.xcassets */; };
		98529B102195128B000AD6D4 /* LaunchScreen.storyboard in Resources */ = {isa = PBXBuildFile; fileRef = 98529B0E2195128B000AD6D4 /* LaunchScreen.storyboard */; };
		98529B1B2195128B000AD6D4 /* HMNTests.swift in Sources */ = {isa = PBXBuildFile; fileRef = 98529B1A2195128B000AD6D4 /* HMNTests.swift */; };
		98529B262195128B000AD6D4 /* HMNUITests.swift in Sources */ = {isa = PBXBuildFile; fileRef = 98529B252195128B000AD6D4 /* HMNUITests.swift */; };
/* End PBXBuildFile section */

/* Begin PBXContainerItemProxy section */
		98529B172195128B000AD6D4 /* PBXContainerItemProxy */ = {
			isa = PBXContainerItemProxy;
			containerPortal = 98529AFA21951289000AD6D4 /* Project object */;
			proxyType = 1;
			remoteGlobalIDString = 98529B0121951289000AD6D4;
			remoteInfo = HMN;
		};
		98529B222195128B000AD6D4 /* PBXContainerItemProxy */ = {
			isa = PBXContainerItemProxy;
			containerPortal = 98529AFA21951289000AD6D4 /* Project object */;
			proxyType = 1;
			remoteGlobalIDString = 98529B0121951289000AD6D4;
			remoteInfo = HMN;
		};
/* End PBXContainerItemProxy section */

/* Begin PBXFileReference section */
		98529B0221951289000AD6D4 /* HMN.app */ = {isa = PBXFileReference; explicitFileType = wrapper.application; includeInIndex = 0; path = HMN.app; sourceTree = BUILT_PRODUCTS_DIR; };
		98529B0521951289000AD6D4 /* AppDelegate.swift */ = {isa = PBXFileReference; lastKnownFileType = sourcecode.swift; path = AppDelegate.swift; sourceTree = "<group>"; };
		98529B0721951289000AD6D4 /* ViewController.swift */ = {isa = PBXFileReference; lastKnownFileType = sourcecode.swift; path = ViewController.swift; sourceTree = "<group>"; };
		98529B0A21951289000AD6D4 /* Base */ = {isa = PBXFileReference; lastKnownFileType = file.storyboard; name = Base; path = Base.lproj/Main.storyboard; sourceTree = "<group>"; };
		98529B0C2195128B000AD6D4 /* Assets.xcassets */ = {isa = PBXFileReference; lastKnownFileType = folder.assetcatalog; path = Assets.xcassets; sourceTree = "<group>"; };
		98529B0F2195128B000AD6D4 /* Base */ = {isa = PBXFileReference; lastKnownFileType = file.storyboard; name = Base; path = Base.lproj/LaunchScreen.storyboard; sourceTree = "<group>"; };
		98529B112195128B000AD6D4 /* Info.plist */ = {isa = PBXFileReference; lastKnownFileType = text.plist.xml; path = Info.plist; sourceTree = "<group>"; };
		98529B162195128B000AD6D4 /* HMNTests.xctest */ = {isa = PBXFileReference; explicitFileType = wrapper.cfbundle; includeInIndex = 0; path = HMNTests.xctest; sourceTree = BUILT_PRODUCTS_DIR; };
		98529B1A2195128B000AD6D4 /* HMNTests.swift */ = {isa = PBXFileReference; lastKnownFileType = sourcecode.swift; path = HMNTests.swift; sourceTree = "<group>"; };
		98529B1C2195128B000AD6D4 /* Info.plist */ = {isa = PBXFileReference; lastKnownFileType = text.plist.xml; path = Info.plist; sourceTree = "<group>"; };
		98529B212195128B000AD6D4 /* HMNUITests.xctest */ = {isa = PBXFileReference; explicitFileType = wrapper.cfbundle; includeInIndex = 0; path = HMNUITests.xctest; sourceTree = BUILT_PRODUCTS_DIR; };
		98529B252195128B000AD6D4 /* HMNUITests.swift */ = {isa = PBXFileReference; lastKnownFileType = sourcecode.swift; path = HMNUITests.swift; sourceTree = "<group>"; };
		98529B272195128B000AD6D4 /* Info.plist */ = {isa = PBXFileReference; lastKnownFileType = text.plist.xml; path = Info.plist; sourceTree = "<group>"; };
/* End PBXFileReference section */

/* Begin PBXFrameworksBuildPhase section */
		98529AFF21951289000AD6D4 /* Frameworks */ = {
			isa = PBXFrameworksBuildPhase;
			buildActionMask = 2147483647;
			files = (
			);
			runOnlyForDeploymentPostprocessing = 0;
		};
		98529B132195128B000AD6D4 /* Frameworks */ = {
			isa = PBXFrameworksBuildPhase;
			buildActionMask = 2147483647;
			files = (
			);
			runOnlyForDeploymentPostprocessing = 0;
		};
		98529B1E2195128B000AD6D4 /* Frameworks */ = {
			isa = PBXFrameworksBuildPhase;
			buildActionMask = 2147483647;
			files = (
			);
			runOnlyForDeploymentPostprocessing = 0;
		};
/* End PBXFrameworksBuildPhase section */

/* Begin PBXGroup section */
		98529AF921951289000AD6D4 = {
			isa = PBXGroup;
			children = (
				98529B0421951289000AD6D4 /* HMN */,
				98529B192195128B000AD6D4 /* HMNTests */,
				98529B242195128B000AD6D4 /* HMNUITests */,
				98529B0321951289000AD6D4 /* Products */,
			);
			sourceTree = "<group>";
		};
		98529B0321951289000AD6D4 /* Products */ = {
			isa = PBXGroup;
			children = (
				98529B0221951289000AD6D4 /* HMN.app */,
				98529B162195128B000AD6D4 /* HMNTests.xctest */,
				98529B212195128B000AD6D4 /* HMNUITests.xctest */,
			);
			name = Products;
			sourceTree = "<group>";
		};
		98529B0421951289000AD6D4 /* HMN */ = {
			isa = PBXGroup;
			children = (
				98529B0521951289000AD6D4 /* AppDelegate.swift */,
				98529B0721951289000AD6D4 /* ViewController.swift */,
				98529B0921951289000AD6D4 /* Main.storyboard */,
				98529B0C2195128B000AD6D4 /* Assets.xcassets */,
				98529B0E2195128B000AD6D4 /* LaunchScreen.storyboard */,
				98529B112195128B000AD6D4 /* Info.plist */,
			);
			path = HMN;
			sourceTree = "<group>";
		};
		98529B192195128B000AD6D4 /* HMNTests */ = {
			isa = PBXGroup;
			children = (
				98529B1A2195128B000AD6D4 /* HMNTests.swift */,
				98529B1C2195128B000AD6D4 /* Info.plist */,
			);
			path = HMNTests;
			sourceTree = "<group>";
		};
		98529B242195128B000AD6D4 /* HMNUITests */ = {
			isa = PBXGroup;
			children = (
				98529B252195128B000AD6D4 /* HMNUITests.swift */,
				98529B272195128B000AD6D4 /* Info.plist */,
			);
			path = HMNUITests;
			sourceTree = "<group>";
		};
/* End PBXGroup section */

/* Begin PBXNativeTarget section */
		98529B0121951289000AD6D4 /* HMN */ = {
			isa = PBXNativeTarget;
			buildConfigurationList = 98529B2A2195128B000AD6D4 /* Build configuration list for PBXNativeTarget "HMN" */;
			buildPhases = (
				98529AFE21951289000AD6D4 /* Sources */,
				98529AFF21951289000AD6D4 /* Frameworks */,
				98529B0021951289000AD6D4 /* Resources */,
			);
			buildRules = (
			);
			dependencies = (
			);
			name = HMN;
			productName = HMN;
			productReference = 98529B0221951289000AD6D4 /* HMN.app */;
			productType = "com.apple.product-type.application";
		};
		98529B152195128B000AD6D4 /* HMNTests */ = {
			isa = PBXNativeTarget;
			buildConfigurationList = 98529B2D2195128B000AD6D4 /* Build configuration list for PBXNativeTarget "HMNTests" */;
			buildPhases = (
				98529B122195128B000AD6D4 /* Sources */,
				98529B132195128B000AD6D4 /* Frameworks */,
				98529B142195128B000AD6D4 /* Resources */,
			);
			buildRules = (
			);
			dependencies = (
				98529B182195128B000AD6D4 /* PBXTargetDependency */,
			);
			name = HMNTests;
			productName = HMNTests;
			productReference = 98529B162195128B000AD6D4 /* HMNTests.xctest */;
			productType = "com.apple.product-type.bundle.unit-test";
		};
		98529B202195128B000AD6D4 /* HMNUITests */ = {
			isa = PBXNativeTarget;
			buildConfigurationList = 98529B302195128B000AD6D4 /* Build configuration list for PBXNativeTarget "HMNUITests" */;
			buildPhases = (
				98529B1D2195128B000AD6D4 /* Sources */,
				98529B1E2195128B000AD6D4 /* Frameworks */,
				98529B1F2195128B000AD6D4 /* Resources */,
			);
			buildRules = (
			);
			dependencies = (
				98529B232195128B000AD6D4 /* PBXTargetDependency */,
			);
			name = HMNUITests;
			productName = HMNUITests;
			productReference = 98529B212195128B000AD6D4 /* HMNUITests.xctest */;
			productType = "com.apple.product-type.bundle.ui-testing";
		};
/* End PBXNativeTarget section */

/* Begin PBXProject section */
		98529AFA21951289000AD6D4 /* Project object */ = {
			isa = PBXProject;
			attributes = {
				LastSwiftUpdateCheck = 1010;
				LastUpgradeCheck = 1010;
				ORGANIZATIONNAME = chenjinchao;
				TargetAttributes = {
					98529B0121951289000AD6D4 = {
						CreatedOnToolsVersion = 10.1;
					};
					98529B152195128B000AD6D4 = {
						CreatedOnToolsVersion = 10.1;
						TestTargetID = 98529B0121951289000AD6D4;
					};
					98529B202195128B000AD6D4 = {
						CreatedOnToolsVersion = 10.1;
						TestTargetID = 98529B0121951289000AD6D4;
					};
				};
			};
			buildConfigurationList = 98529AFD21951289000AD6D4 /* Build configuration list for PBXProject "HMN" */;
			compatibilityVersion = "Xcode 9.3";
			developmentRegion = en;
			hasScannedForEncodings = 0;
			knownRegions = (
				en,
				Base,
			);
			mainGroup = 98529AF921951289000AD6D4;
			productRefGroup = 98529B0321951289000AD6D4 /* Products */;
			projectDirPath = "";
			projectRoot = "";
			targets = (
				98529B0121951289000AD6D4 /* HMN */,
				98529B152195128B000AD6D4 /* HMNTests */,
				98529B202195128B000AD6D4 /* HMNUITests */,
			);
		};
/* End PBXProject section */

/* Begin PBXResourcesBuildPhase section */
		98529B0021951289000AD6D4 /* Resources */ = {
			isa = PBXResourcesBuildPhase;
			buildActionMask = 2147483647;
			files = (
				98529B102195128B000AD6D4 /* LaunchScreen.storyboard in Resources */,
				98529B0D2195128B000AD6D4 /* Assets.xcassets in Resources */,
				98529B0B21951289000AD6D4 /* Main.storyboard in Resources */,
			);
			runOnlyForDeploymentPostprocessing = 0;
		};
		98529B142195128B000AD6D4 /* Resources */ = {
			isa = PBXResourcesBuildPhase;
			buildActionMask = 2147483647;
			files = (
			);
			runOnlyForDeploymentPostprocessing = 0;
		};
		98529B1F2195128B000AD6D4 /* Resources */ = {
			isa = PBXResourcesBuildPhase;
			buildActionMask = 2147483647;
			files = (
			);
			runOnlyForDeploymentPostprocessing = 0;
		};
/* End PBXResourcesBuildPhase section */

/* Begin PBXSourcesBuildPhase section */
		98529AFE21951289000AD6D4 /* Sources */ = {
			isa = PBXSourcesBuildPhase;
			buildActionMask = 2147483647;
			files = (
				98529B0821951289000AD6D4 /* ViewController.swift in Sources */,
				98529B0621951289000AD6D4 /* AppDelegate.swift in Sources */,
			);
			runOnlyForDeploymentPostprocessing = 0;
		};
		98529B122195128B000AD6D4 /* Sources */ = {
			isa = PBXSourcesBuildPhase;
			buildActionMask = 2147483647;
			files = (
				98529B1B2195128B000AD6D4 /* HMNTests.swift in Sources */,
			);
			runOnlyForDeploymentPostprocessing = 0;
		};
		98529B1D2195128B000AD6D4 /* Sources */ = {
			isa = PBXSourcesBuildPhase;
			buildActionMask = 2147483647;
			files = (
				98529B262195128B000AD6D4 /* HMNUITests.swift in Sources */,
			);
			runOnlyForDeploymentPostprocessing = 0;
		};
/* End PBXSourcesBuildPhase section */

/* Begin PBXTargetDependency section */
		98529B182195128B000AD6D4 /* PBXTargetDependency */ = {
			isa = PBXTargetDependency;
			target = 98529B0121951289000AD6D4 /* HMN */;
			targetProxy = 98529B172195128B000AD6D4 /* PBXContainerItemProxy */;
		};
		98529B232195128B000AD6D4 /* PBXTargetDependency */ = {
			isa = PBXTargetDependency;
			target = 98529B0121951289000AD6D4 /* HMN */;
			targetProxy = 98529B222195128B000AD6D4 /* PBXContainerItemProxy */;
		};
/* End PBXTargetDependency section */

/* Begin PBXVariantGroup section */
		98529B0921951289000AD6D4 /* Main.storyboard */ = {
			isa = PBXVariantGroup;
			children = (
				98529B0A21951289000AD6D4 /* Base */,
			);
			name = Main.storyboard;
			sourceTree = "<group>";
		};
		98529B0E2195128B000AD6D4 /* LaunchScreen.storyboard */ = {
			isa = PBXVariantGroup;
			children = (
				98529B0F2195128B000AD6D4 /* Base */,
			);
			name = LaunchScreen.storyboard;
			sourceTree = "<group>";
		};
/* End PBXVariantGroup section */

/* Begin XCBuildConfiguration section */
		98529B282195128B000AD6D4 /* Debug */ = {
			isa = XCBuildConfiguration;
			buildSettings = {
				ALWAYS_SEARCH_USER_PATHS = NO;
				CLANG_ANALYZER_NONNULL = YES;
				CLANG_ANALYZER_NUMBER_OBJECT_CONVERSION = YES_AGGRESSIVE;
				CLANG_CXX_LANGUAGE_STANDARD = "gnu++14";
				CLANG_CXX_LIBRARY = "libc++";
				CLANG_ENABLE_MODULES = YES;
				CLANG_ENABLE_OBJC_ARC = YES;
				CLANG_ENABLE_OBJC_WEAK = YES;
				CLANG_WARN_BLOCK_CAPTURE_AUTORELEASING = YES;
				CLANG_WARN_BOOL_CONVERSION = YES;
				CLANG_WARN_COMMA = YES;
				CLANG_WARN_CONSTANT_CONVERSION = YES;
				CLANG_WARN_DEPRECATED_OBJC_IMPLEMENTATIONS = YES;
				CLANG_WARN_DIRECT_OBJC_ISA_USAGE = YES_ERROR;
				CLANG_WARN_DOCUMENTATION_COMMENTS = YES;
				CLANG_WARN_EMPTY_BODY = YES;
				CLANG_WARN_ENUM_CONVERSION = YES;
				CLANG_WARN_INFINITE_RECURSION = YES;
				CLANG_WARN_INT_CONVERSION = YES;
				CLANG_WARN_NON_LITERAL_NULL_CONVERSION = YES;
				CLANG_WARN_OBJC_IMPLICIT_RETAIN_SELF = YES;
				CLANG_WARN_OBJC_LITERAL_CONVERSION = YES;
				CLANG_WARN_OBJC_ROOT_CLASS = YES_ERROR;
				CLANG_WARN_RANGE_LOOP_ANALYSIS = YES;
				CLANG_WARN_STRICT_PROTOTYPES = YES;
				CLANG_WARN_SUSPICIOUS_MOVE = YES;
				CLANG_WARN_UNGUARDED_AVAILABILITY = YES_AGGRESSIVE;
				CLANG_WARN_UNREACHABLE_CODE = YES;
				CLANG_WARN__DUPLICATE_METHOD_MATCH = YES;
				CODE_SIGN_IDENTITY = "iPhone Developer";
				COPY_PHASE_STRIP = NO;
				DEBUG_INFORMATION_FORMAT = dwarf;
				ENABLE_STRICT_OBJC_MSGSEND = YES;
				ENABLE_TESTABILITY = YES;
				GCC_C_LANGUAGE_STANDARD = gnu11;
				GCC_DYNAMIC_NO_PIC = NO;
				GCC_NO_COMMON_BLOCKS = YES;
				GCC_OPTIMIZATION_LEVEL = 0;
				GCC_PREPROCESSOR_DEFINITIONS = (
					"DEBUG=1",
					"$(inherited)",
				);
				GCC_WARN_64_TO_32_BIT_CONVERSION = YES;
				GCC_WARN_ABOUT_RETURN_TYPE = YES_ERROR;
				GCC_WARN_UNDECLARED_SELECTOR = YES;
				GCC_WARN_UNINITIALIZED_AUTOS = YES_AGGRESSIVE;
				GCC_WARN_UNUSED_FUNCTION = YES;
				GCC_WARN_UNUSED_VARIABLE = YES;
				IPHONEOS_DEPLOYMENT_TARGET = 12.1;
				MTL_ENABLE_DEBUG_INFO = INCLUDE_SOURCE;
				MTL_FAST_MATH = YES;
				ONLY_ACTIVE_ARCH = YES;
				SDKROOT = iphoneos;
				SWIFT_ACTIVE_COMPILATION_CONDITIONS = DEBUG;
				SWIFT_OPTIMIZATION_LEVEL = "-Onone";
			};
			name = Debug;
		};
		98529B292195128B000AD6D4 /* Release */ = {
			isa = XCBuildConfiguration;
			buildSettings = {
				ALWAYS_SEARCH_USER_PATHS = NO;
				CLANG_ANALYZER_NONNULL = YES;
				CLANG_ANALYZER_NUMBER_OBJECT_CONVERSION = YES_AGGRESSIVE;
				CLANG_CXX_LANGUAGE_STANDARD = "gnu++14";
				CLANG_CXX_LIBRARY = "libc++";
				CLANG_ENABLE_MODULES = YES;
				CLANG_ENABLE_OBJC_ARC = YES;
				CLANG_ENABLE_OBJC_WEAK = YES;
				CLANG_WARN_BLOCK_CAPTURE_AUTORELEASING = YES;
				CLANG_WARN_BOOL_CONVERSION = YES;
				CLANG_WARN_COMMA = YES;
				CLANG_WARN_CONSTANT_CONVERSION = YES;
				CLANG_WARN_DEPRECATED_OBJC_IMPLEMENTATIONS = YES;
				CLANG_WARN_DIRECT_OBJC_ISA_USAGE = YES_ERROR;
				CLANG_WARN_DOCUMENTATION_COMMENTS = YES;
				CLANG_WARN_EMPTY_BODY = YES;
				CLANG_WARN_ENUM_CONVERSION = YES;
				CLANG_WARN_INFINITE_RECURSION = YES;
				CLANG_WARN_INT_CONVERSION = YES;
				CLANG_WARN_NON_LITERAL_NULL_CONVERSION = YES;
				CLANG_WARN_OBJC_IMPLICIT_RETAIN_SELF = YES;
				CLANG_WARN_OBJC_LITERAL_CONVERSION = YES;
				CLANG_WARN_OBJC_ROOT_CLASS = YES_ERROR;
				CLANG_WARN_RANGE_LOOP_ANALYSIS = YES;
				CLANG_WARN_STRICT_PROTOTYPES = YES;
				CLANG_WARN_SUSPICIOUS_MOVE = YES;
				CLANG_WARN_UNGUARDED_AVAILABILITY = YES_AGGRESSIVE;
				CLANG_WARN_UNREACHABLE_CODE = YES;
				CLANG_WARN__DUPLICATE_METHOD_MATCH = YES;
				CODE_SIGN_IDENTITY = "iPhone Developer";
				COPY_PHASE_STRIP = NO;
				DEBUG_INFORMATION_FORMAT = "dwarf-with-dsym";
				ENABLE_NS_ASSERTIONS = NO;
				ENABLE_STRICT_OBJC_MSGSEND = YES;
				GCC_C_LANGUAGE_STANDARD = gnu11;
				GCC_NO_COMMON_BLOCKS = YES;
				GCC_WARN_64_TO_32_BIT_CONVERSION = YES;
				GCC_WARN_ABOUT_RETURN_TYPE = YES_ERROR;
				GCC_WARN_UNDECLARED_SELECTOR = YES;
				GCC_WARN_UNINITIALIZED_AUTOS = YES_AGGRESSIVE;
				GCC_WARN_UNUSED_FUNCTION = YES;
				GCC_WARN_UNUSED_VARIABLE = YES;
				IPHONEOS_DEPLOYMENT_TARGET = 12.1;
				MTL_ENABLE_DEBUG_INFO = NO;
				MTL_FAST_MATH = YES;
				SDKROOT = iphoneos;
				SWIFT_COMPILATION_MODE = wholemodule;
				SWIFT_OPTIMIZATION_LEVEL = "-O";
				VALIDATE_PRODUCT = YES;
			};
			name = Release;
		};
		98529B2B2195128B000AD6D4 /* Debug */ = {
			isa = XCBuildConfiguration;
			buildSettings = {
				ASSETCATALOG_COMPILER_APPICON_NAME = AppIcon;
				CODE_SIGN_STYLE = Automatic;
				INFOPLIST_FILE = HMN/Info.plist;
				LD_RUNPATH_SEARCH_PATHS = (
					"$(inherited)",
					"@executable_path/Frameworks",
				);
				PRODUCT_BUNDLE_IDENTIFIER = chenjinchao.HMN;
				PRODUCT_NAME = "$(TARGET_NAME)";
				SWIFT_VERSION = 4.2;
				TARGETED_DEVICE_FAMILY = "1,2";
			};
			name = Debug;
		};
		98529B2C2195128B000AD6D4 /* Release */ = {
			isa = XCBuildConfiguration;
			buildSettings = {
				ASSETCATALOG_COMPILER_APPICON_NAME = AppIcon;
				CODE_SIGN_STYLE = Automatic;
				INFOPLIST_FILE = HMN/Info.plist;
				LD_RUNPATH_SEARCH_PATHS = (
					"$(inherited)",
					"@executable_path/Frameworks",
				);
				PRODUCT_BUNDLE_IDENTIFIER = chenjinchao.HMN;
				PRODUCT_NAME = "$(TARGET_NAME)";
				SWIFT_VERSION = 4.2;
				TARGETED_DEVICE_FAMILY = "1,2";
			};
			name = Release;
		};
		98529B2E2195128B000AD6D4 /* Debug */ = {
			isa = XCBuildConfiguration;
			buildSettings = {
				ALWAYS_EMBED_SWIFT_STANDARD_LIBRARIES = YES;
				BUNDLE_LOADER = "$(TEST_HOST)";
				CODE_SIGN_STYLE = Automatic;
				INFOPLIST_FILE = HMNTests/Info.plist;
				LD_RUNPATH_SEARCH_PATHS = (
					"$(inherited)",
					"@executable_path/Frameworks",
					"@loader_path/Frameworks",
				);
				PRODUCT_BUNDLE_IDENTIFIER = chenjinchao.HMNTests;
				PRODUCT_NAME = "$(TARGET_NAME)";
				SWIFT_VERSION = 4.2;
				TARGETED_DEVICE_FAMILY = "1,2";
				TEST_HOST = "$(BUILT_PRODUCTS_DIR)/HMN.app/HMN";
			};
			name = Debug;
		};
		98529B2F2195128B000AD6D4 /* Release */ = {
			isa = XCBuildConfiguration;
			buildSettings = {
				ALWAYS_EMBED_SWIFT_STANDARD_LIBRARIES = YES;
				BUNDLE_LOADER = "$(TEST_HOST)";
				CODE_SIGN_STYLE = Automatic;
				INFOPLIST_FILE = HMNTests/Info.plist;
				LD_RUNPATH_SEARCH_PATHS = (
					"$(inherited)",
					"@executable_path/Frameworks",
					"@loader_path/Frameworks",
				);
				PRODUCT_BUNDLE_IDENTIFIER = chenjinchao.HMNTests;
				PRODUCT_NAME = "$(TARGET_NAME)";
				SWIFT_VERSION = 4.2;
				TARGETED_DEVICE_FAMILY = "1,2";
				TEST_HOST = "$(BUILT_PRODUCTS_DIR)/HMN.app/HMN";
			};
			name = Release;
		};
		98529B312195128B000AD6D4 /* Debug */ = {
			isa = XCBuildConfiguration;
			buildSettings = {
				ALWAYS_EMBED_SWIFT_STANDARD_LIBRARIES = YES;
				CODE_SIGN_STYLE = Automatic;
				INFOPLIST_FILE = HMNUITests/Info.plist;
				LD_RUNPATH_SEARCH_PATHS = (
					"$(inherited)",
					"@executable_path/Frameworks",
					"@loader_path/Frameworks",
				);
				PRODUCT_BUNDLE_IDENTIFIER = chenjinchao.HMNUITests;
				PRODUCT_NAME = "$(TARGET_NAME)";
				SWIFT_VERSION = 4.2;
				TARGETED_DEVICE_FAMILY = "1,2";
				TEST_TARGET_NAME = HMN;
			};
			name = Debug;
		};
		98529B322195128B000AD6D4 /* Release */ = {
			isa = XCBuildConfiguration;
			buildSettings = {
				ALWAYS_EMBED_SWIFT_STANDARD_LIBRARIES = YES;
				CODE_SIGN_STYLE = Automatic;
				INFOPLIST_FILE = HMNUITests/Info.plist;
				LD_RUNPATH_SEARCH_PATHS = (
					"$(inherited)",
					"@executable_path/Frameworks",
					"@loader_path/Frameworks",
				);
				PRODUCT_BUNDLE_IDENTIFIER = chenjinchao.HMNUITests;
				PRODUCT_NAME = "$(TARGET_NAME)";
				SWIFT_VERSION = 4.2;
				TARGETED_DEVICE_FAMILY = "1,2";
				TEST_TARGET_NAME = HMN;
			};
			name = Release;
		};
/* End XCBuildConfiguration section */

/* Begin XCConfigurationList section */
		98529AFD21951289000AD6D4 /* Build configuration list for PBXProject "HMN" */ = {
			isa = XCConfigurationList;
			buildConfigurations = (
				98529B282195128B000AD6D4 /* Debug */,
				98529B292195128B000AD6D4 /* Release */,
			);
			defaultConfigurationIsVisible = 0;
			defaultConfigurationName = Release;
		};
		98529B2A2195128B000AD6D4 /* Build configuration list for PBXNativeTarget "HMN" */ = {
			isa = XCConfigurationList;
			buildConfigurations = (
				98529B2B2195128B000AD6D4 /* Debug */,
				98529B2C2195128B000AD6D4 /* Release */,
			);
			defaultConfigurationIsVisible = 0;
			defaultConfigurationName = Release;
		};
		98529B2D2195128B000AD6D4 /* Build configuration list for PBXNativeTarget "HMNTests" */ = {
			isa = XCConfigurationList;
			buildConfigurations = (
				98529B2E2195128B000AD6D4 /* Debug */,
				98529B2F2195128B000AD6D4 /* Release */,
			);
			defaultConfigurationIsVisible = 0;
			defaultConfigurationName = Release;
		};
		98529B302195128B000AD6D4 /* Build configuration list for PBXNativeTarget "HMNUITests" */ = {
			isa = XCConfigurationList;
			buildConfigurations = (
				98529B312195128B000AD6D4 /* Debug */,
				98529B322195128B000AD6D4 /* Release */,
			);
			defaultConfigurationIsVisible = 0;
			defaultConfigurationName = Release;
		};
/* End XCConfigurationList section */
	};
	rootObject = 98529AFA21951289000AD6D4 /* Project object */;
}
